{
    "name": "animations",
    "requires": true,
    "lockfileVersion": 1,
    "dependencies": {
        "@types/clamp": {
            "version": "1.0.0",
            "resolved": "https://registry.npmjs.org/@types/clamp/-/clamp-1.0.0.tgz",
            "integrity": "sha512-+7cGWdCtfaQcrn9zi9qDGhU2oESihcetY4BZ4yKSxOJHvfWNCjROBxsTaodKnJADdJF/NkWYNEJ4IHbHB5ZceQ==",
            "dev": true
        }
    }
}
